
Microsoft Visual Studio Solution File, Format Version 12.00
# Visual Studio 2013
VisualStudioVersion = 12.0.31101.0
MinimumVisualStudioVersion = 10.0.40219.1
Project("{FAE04EC0-301F-11D3-BF4B-00C04F79EFBC}") = "ConsoleApplication1", "ConsoleApplication1.csproj", "{DB82793B-48A8-4B35-A330-EB8F0CEEA1F5}"
EndProject
Project("{2150E333-8FDC-42A3-9474-1A3956D46DE8}") = "Solution Items", "Solution Items", "{47C0E41E-2FD3-44B0-A67E-F9605F5FEEC2}"
	ProjectSection(SolutionItems) = preProject
		Class1.cs = Class1.cs
	EndProjectSection
EndProject
Global
	GlobalSection(SolutionConfigurationPlatforms) = preSolution
		Debug|Any CPU = Debug|Any CPU
		Release|Any CPU = Release|Any CPU
	EndGlobalSection
	GlobalSection(ProjectConfigurationPlatforms) = postSolution
		{DB82793B-48A8-4B35-A330-EB8F0CEEA1F5}.Debug|Any CPU.ActiveCfg = Debug|Any CPU
		{DB82793B-48A8-4B35-A330-EB8F0CEEA1F5}.Debug|Any CPU.Build.0 = Debug|Any CPU
		{DB82793B-48A8-4B35-A330-EB8F0CEEA1F5}.Release|Any CPU.ActiveCfg = Release|Any CPU
		{DB82793B-48A8-4B35-A330-EB8F0CEEA1F5}.Release|Any CPU.Build.0 = Release|Any CPU
	EndGlobalSection
	GlobalSection(SolutionProperties) = preSolution
		HideSolutionNode = FALSE
	EndGlobalSection
EndGlobal
